
Microsoft Visual Studio Solution File, Format Version 12.00
# Visual Studio Version 17
VisualStudioVersion = 17.14.36121.58
MinimumVisualStudioVersion = 10.0.40219.1
Project("{2150E333-8FDC-42A3-9474-1A3956D46DE8}") = "001-SKFunction", "001-SKFunction", "{9994E17C-50BA-5231-1B45-E9C5AA489C33}"
EndProject
Project("{FAE04EC0-301F-11D3-BF4B-00C04F79EFBC}") = "SKFunctionLab001", "001-SKFunction\SKFunctionLab\SKFunctionLab001.csproj", "{A1688F5E-16F5-41CF-B3EC-FA09A68B328E}"
EndProject
Project("{FAE04EC0-301F-11D3-BF4B-00C04F79EFBC}") = "SKFunctionLab002", "001-SKFunction\SKFunctionLab002\SKFunctionLab002.csproj", "{41F75BA3-DB78-490A-9259-C9D9E5D35B76}"
EndProject
Project("{FAE04EC0-301F-11D3-BF4B-00C04F79EFBC}") = "SKFunctionLab003", "001-SKFunction\SKFunctionLab003\SKFunctionLab003.csproj", "{7AE2999D-2C5C-4297-979A-88A8CF43569B}"
EndProject
Project("{FAE04EC0-301F-11D3-BF4B-00C04F79EFBC}") = "SKFunctionLab004", "001-SKFunction\SKFunctionLab004\SKFunctionLab004.csproj", "{6E08D449-1566-4CBD-AE3B-A223AEE658B7}"
EndProject
Project("{FAE04EC0-301F-11D3-BF4B-00C04F79EFBC}") = "SKFunctionLab005", "001-SKFunction\SKFunctionLab005\SKFunctionLab005.csproj", "{666DA44B-C39E-46EA-9EC3-973CEE614856}"
EndProject
Project("{2150E333-8FDC-42A3-9474-1A3956D46DE8}") = "002-PromptTemplate", "002-PromptTemplate", "{901E034B-A906-57C9-792B-AB7E8EF9E5E4}"
EndProject
Project("{FAE04EC0-301F-11D3-BF4B-00C04F79EFBC}") = "PromptTemplate001", "002-PromptTemplate\PromptTemplate001\PromptTemplate001.csproj", "{D25532C7-798E-4A1B-88ED-1633273E724A}"
EndProject
Project("{FAE04EC0-301F-11D3-BF4B-00C04F79EFBC}") = "PromptTemplate002", "002-PromptTemplate\PromptTemplate002\PromptTemplate002.csproj", "{E0791B82-F7DB-4EC3-AD3E-C7473A6DED01}"
EndProject
Project("{FAE04EC0-301F-11D3-BF4B-00C04F79EFBC}") = "PromptTemplate003", "002-PromptTemplate\PromptTemplate003\PromptTemplate003.csproj", "{067D6B89-3CC8-46F6-8585-A1BE1B86B595}"
EndProject
Project("{2150E333-8FDC-42A3-9474-1A3956D46DE8}") = "ソリューション項目", "ソリューション項目", "{45818792-A32E-9F2E-F68B-82253A7A8558}"
	ProjectSection(SolutionItems) = preProject
		..\README.md = ..\README.md
	EndProjectSection
EndProject
Project("{2150E333-8FDC-42A3-9474-1A3956D46DE8}") = "003-AIFunction", "003-AIFunction", "{59DAE3A3-1297-06D0-A323-17BF7A87E7E9}"
EndProject
Project("{FAE04EC0-301F-11D3-BF4B-00C04F79EFBC}") = "AIFunction001", "003-AIFunction\AIFunction001\AIFunction001.csproj", "{0B816F03-6B71-456D-A4D9-F0411BE576BF}"
EndProject
Project("{FAE04EC0-301F-11D3-BF4B-00C04F79EFBC}") = "AIFunction002", "003-AIFunction\AIFunction002\AIFunction002.csproj", "{952665A0-917C-4757-9D93-88587D8603D3}"
EndProject
Project("{2150E333-8FDC-42A3-9474-1A3956D46DE8}") = "004-Plugin", "004-Plugin", "{8FFC25C3-E1FF-4D42-00BE-018EC9DDD1F1}"
EndProject
Project("{FAE04EC0-301F-11D3-BF4B-00C04F79EFBC}") = "Plugin001", "004-Plugin\Plugin001\Plugin001.csproj", "{6856233D-042D-493B-ACAB-234ABE5445BB}"
EndProject
Project("{FAE04EC0-301F-11D3-BF4B-00C04F79EFBC}") = "Plugin002", "004-Plugin\Plugin002\Plugin002.csproj", "{793D93FD-A2AA-400B-AB9D-A6F86C64FE7B}"
EndProject
Project("{FAE04EC0-301F-11D3-BF4B-00C04F79EFBC}") = "Plugin003", "004-Plugin\Plugin003\Plugin003.csproj", "{20A96D84-C9A7-4470-9C80-9F32F6325529}"
EndProject
Project("{FAE04EC0-301F-11D3-BF4B-00C04F79EFBC}") = "Plugin004", "004-Plugin\Plugin004\Plugin004.csproj", "{3DCD856C-CE46-4C32-AFB0-1C911354C8AF}"
EndProject
Project("{FAE04EC0-301F-11D3-BF4B-00C04F79EFBC}") = "Plugin005", "004-Plugin\Plugin005\Plugin005.csproj", "{576A65D7-A53B-4156-AFFE-B4E1AE86153C}"
EndProject
Project("{2150E333-8FDC-42A3-9474-1A3956D46DE8}") = "005-ChatClient", "005-ChatClient", "{2DE99E01-FF9D-2B8B-791F-CB8C77CA8830}"
EndProject
Project("{FAE04EC0-301F-11D3-BF4B-00C04F79EFBC}") = "ChatClient001", "005-ChatClient\ChatClient001\ChatClient001.csproj", "{2A3F607D-8121-4E1D-84D4-FD0E9EF256BC}"
EndProject
Project("{FAE04EC0-301F-11D3-BF4B-00C04F79EFBC}") = "ChatClient002", "005-ChatClient\ChatClient002\ChatClient002.csproj", "{46A97E5C-FDE4-4CB1-A435-E6115EE7946A}"
EndProject
Project("{FAE04EC0-301F-11D3-BF4B-00C04F79EFBC}") = "ChatClient003", "005-ChatClient\ChatClient003\ChatClient003.csproj", "{A4E942D2-4087-42A4-AB51-86639F4C962A}"
EndProject
Project("{FAE04EC0-301F-11D3-BF4B-00C04F79EFBC}") = "ChatClient004", "ChatClient004\ChatClient004.csproj", "{F276F153-FFF8-486D-BB69-3889B25BF4FC}"
EndProject
Project("{2150E333-8FDC-42A3-9474-1A3956D46DE8}") = "006-Kernel", "006-Kernel", "{BA24C74F-1EC8-168F-89F8-4A4D5A61CEEF}"
EndProject
Project("{FAE04EC0-301F-11D3-BF4B-00C04F79EFBC}") = "Kernel001", "006-Kernel\Kernel001\Kernel001.csproj", "{1934BDF5-2717-41EF-8580-818833EA2A87}"
EndProject
Project("{FAE04EC0-301F-11D3-BF4B-00C04F79EFBC}") = "Kernel002", "Kernel002\Kernel002.csproj", "{8F881F47-CAF4-456B-BF1A-7C6D9A62CAF4}"
EndProject
Project("{FAE04EC0-301F-11D3-BF4B-00C04F79EFBC}") = "Kernel003", "006-Kernel\Kernel003\Kernel003.csproj", "{5ACABC54-9572-4F74-A435-BADDF1945612}"
EndProject
Project("{2150E333-8FDC-42A3-9474-1A3956D46DE8}") = "007-Filter", "007-Filter", "{DDB4EF12-CC4E-5E88-E6FC-71A802F4DE97}"
EndProject
Project("{FAE04EC0-301F-11D3-BF4B-00C04F79EFBC}") = "Filter001", "007-Filter\Filter001\Filter001.csproj", "{29A3013F-A272-494A-AE4C-A69A25621CE2}"
EndProject
Project("{FAE04EC0-301F-11D3-BF4B-00C04F79EFBC}") = "Filter002", "007-Filter\Filter002\Filter002.csproj", "{E4931478-6C15-4F33-8B2C-818DF3118E98}"
EndProject
Project("{FAE04EC0-301F-11D3-BF4B-00C04F79EFBC}") = "Filter003", "007-Filter\Filter003\Filter003.csproj", "{E2E9F585-6E90-410A-BB58-442A184F2067}"
EndProject
Global
	GlobalSection(SolutionConfigurationPlatforms) = preSolution
		Debug|Any CPU = Debug|Any CPU
		Release|Any CPU = Release|Any CPU
	EndGlobalSection
	GlobalSection(ProjectConfigurationPlatforms) = postSolution
		{A1688F5E-16F5-41CF-B3EC-FA09A68B328E}.Debug|Any CPU.ActiveCfg = Debug|Any CPU
		{A1688F5E-16F5-41CF-B3EC-FA09A68B328E}.Debug|Any CPU.Build.0 = Debug|Any CPU
		{A1688F5E-16F5-41CF-B3EC-FA09A68B328E}.Release|Any CPU.ActiveCfg = Release|Any CPU
		{A1688F5E-16F5-41CF-B3EC-FA09A68B328E}.Release|Any CPU.Build.0 = Release|Any CPU
		{41F75BA3-DB78-490A-9259-C9D9E5D35B76}.Debug|Any CPU.ActiveCfg = Debug|Any CPU
		{41F75BA3-DB78-490A-9259-C9D9E5D35B76}.Debug|Any CPU.Build.0 = Debug|Any CPU
		{41F75BA3-DB78-490A-9259-C9D9E5D35B76}.Release|Any CPU.ActiveCfg = Release|Any CPU
		{41F75BA3-DB78-490A-9259-C9D9E5D35B76}.Release|Any CPU.Build.0 = Release|Any CPU
		{7AE2999D-2C5C-4297-979A-88A8CF43569B}.Debug|Any CPU.ActiveCfg = Debug|Any CPU
		{7AE2999D-2C5C-4297-979A-88A8CF43569B}.Debug|Any CPU.Build.0 = Debug|Any CPU
		{7AE2999D-2C5C-4297-979A-88A8CF43569B}.Release|Any CPU.ActiveCfg = Release|Any CPU
		{7AE2999D-2C5C-4297-979A-88A8CF43569B}.Release|Any CPU.Build.0 = Release|Any CPU
		{6E08D449-1566-4CBD-AE3B-A223AEE658B7}.Debug|Any CPU.ActiveCfg = Debug|Any CPU
		{6E08D449-1566-4CBD-AE3B-A223AEE658B7}.Debug|Any CPU.Build.0 = Debug|Any CPU
		{6E08D449-1566-4CBD-AE3B-A223AEE658B7}.Release|Any CPU.ActiveCfg = Release|Any CPU
		{6E08D449-1566-4CBD-AE3B-A223AEE658B7}.Release|Any CPU.Build.0 = Release|Any CPU
		{666DA44B-C39E-46EA-9EC3-973CEE614856}.Debug|Any CPU.ActiveCfg = Debug|Any CPU
		{666DA44B-C39E-46EA-9EC3-973CEE614856}.Debug|Any CPU.Build.0 = Debug|Any CPU
		{666DA44B-C39E-46EA-9EC3-973CEE614856}.Release|Any CPU.ActiveCfg = Release|Any CPU
		{666DA44B-C39E-46EA-9EC3-973CEE614856}.Release|Any CPU.Build.0 = Release|Any CPU
		{D25532C7-798E-4A1B-88ED-1633273E724A}.Debug|Any CPU.ActiveCfg = Debug|Any CPU
		{D25532C7-798E-4A1B-88ED-1633273E724A}.Debug|Any CPU.Build.0 = Debug|Any CPU
		{D25532C7-798E-4A1B-88ED-1633273E724A}.Release|Any CPU.ActiveCfg = Release|Any CPU
		{D25532C7-798E-4A1B-88ED-1633273E724A}.Release|Any CPU.Build.0 = Release|Any CPU
		{E0791B82-F7DB-4EC3-AD3E-C7473A6DED01}.Debug|Any CPU.ActiveCfg = Debug|Any CPU
		{E0791B82-F7DB-4EC3-AD3E-C7473A6DED01}.Debug|Any CPU.Build.0 = Debug|Any CPU
		{E0791B82-F7DB-4EC3-AD3E-C7473A6DED01}.Release|Any CPU.ActiveCfg = Release|Any CPU
		{E0791B82-F7DB-4EC3-AD3E-C7473A6DED01}.Release|Any CPU.Build.0 = Release|Any CPU
		{067D6B89-3CC8-46F6-8585-A1BE1B86B595}.Debug|Any CPU.ActiveCfg = Debug|Any CPU
		{067D6B89-3CC8-46F6-8585-A1BE1B86B595}.Debug|Any CPU.Build.0 = Debug|Any CPU
		{067D6B89-3CC8-46F6-8585-A1BE1B86B595}.Release|Any CPU.ActiveCfg = Release|Any CPU
		{067D6B89-3CC8-46F6-8585-A1BE1B86B595}.Release|Any CPU.Build.0 = Release|Any CPU
		{0B816F03-6B71-456D-A4D9-F0411BE576BF}.Debug|Any CPU.ActiveCfg = Debug|Any CPU
		{0B816F03-6B71-456D-A4D9-F0411BE576BF}.Debug|Any CPU.Build.0 = Debug|Any CPU
		{0B816F03-6B71-456D-A4D9-F0411BE576BF}.Release|Any CPU.ActiveCfg = Release|Any CPU
		{0B816F03-6B71-456D-A4D9-F0411BE576BF}.Release|Any CPU.Build.0 = Release|Any CPU
		{952665A0-917C-4757-9D93-88587D8603D3}.Debug|Any CPU.ActiveCfg = Debug|Any CPU
		{952665A0-917C-4757-9D93-88587D8603D3}.Debug|Any CPU.Build.0 = Debug|Any CPU
		{952665A0-917C-4757-9D93-88587D8603D3}.Release|Any CPU.ActiveCfg = Release|Any CPU
		{952665A0-917C-4757-9D93-88587D8603D3}.Release|Any CPU.Build.0 = Release|Any CPU
		{6856233D-042D-493B-ACAB-234ABE5445BB}.Debug|Any CPU.ActiveCfg = Debug|Any CPU
		{6856233D-042D-493B-ACAB-234ABE5445BB}.Debug|Any CPU.Build.0 = Debug|Any CPU
		{6856233D-042D-493B-ACAB-234ABE5445BB}.Release|Any CPU.ActiveCfg = Release|Any CPU
		{6856233D-042D-493B-ACAB-234ABE5445BB}.Release|Any CPU.Build.0 = Release|Any CPU
		{793D93FD-A2AA-400B-AB9D-A6F86C64FE7B}.Debug|Any CPU.ActiveCfg = Debug|Any CPU
		{793D93FD-A2AA-400B-AB9D-A6F86C64FE7B}.Debug|Any CPU.Build.0 = Debug|Any CPU
		{793D93FD-A2AA-400B-AB9D-A6F86C64FE7B}.Release|Any CPU.ActiveCfg = Release|Any CPU
		{793D93FD-A2AA-400B-AB9D-A6F86C64FE7B}.Release|Any CPU.Build.0 = Release|Any CPU
		{20A96D84-C9A7-4470-9C80-9F32F6325529}.Debug|Any CPU.ActiveCfg = Debug|Any CPU
		{20A96D84-C9A7-4470-9C80-9F32F6325529}.Debug|Any CPU.Build.0 = Debug|Any CPU
		{20A96D84-C9A7-4470-9C80-9F32F6325529}.Release|Any CPU.ActiveCfg = Release|Any CPU
		{20A96D84-C9A7-4470-9C80-9F32F6325529}.Release|Any CPU.Build.0 = Release|Any CPU
		{3DCD856C-CE46-4C32-AFB0-1C911354C8AF}.Debug|Any CPU.ActiveCfg = Debug|Any CPU
		{3DCD856C-CE46-4C32-AFB0-1C911354C8AF}.Debug|Any CPU.Build.0 = Debug|Any CPU
		{3DCD856C-CE46-4C32-AFB0-1C911354C8AF}.Release|Any CPU.ActiveCfg = Release|Any CPU
		{3DCD856C-CE46-4C32-AFB0-1C911354C8AF}.Release|Any CPU.Build.0 = Release|Any CPU
		{576A65D7-A53B-4156-AFFE-B4E1AE86153C}.Debug|Any CPU.ActiveCfg = Debug|Any CPU
		{576A65D7-A53B-4156-AFFE-B4E1AE86153C}.Debug|Any CPU.Build.0 = Debug|Any CPU
		{576A65D7-A53B-4156-AFFE-B4E1AE86153C}.Release|Any CPU.ActiveCfg = Release|Any CPU
		{576A65D7-A53B-4156-AFFE-B4E1AE86153C}.Release|Any CPU.Build.0 = Release|Any CPU
		{2A3F607D-8121-4E1D-84D4-FD0E9EF256BC}.Debug|Any CPU.ActiveCfg = Debug|Any CPU
		{2A3F607D-8121-4E1D-84D4-FD0E9EF256BC}.Debug|Any CPU.Build.0 = Debug|Any CPU
		{2A3F607D-8121-4E1D-84D4-FD0E9EF256BC}.Release|Any CPU.ActiveCfg = Release|Any CPU
		{2A3F607D-8121-4E1D-84D4-FD0E9EF256BC}.Release|Any CPU.Build.0 = Release|Any CPU
		{46A97E5C-FDE4-4CB1-A435-E6115EE7946A}.Debug|Any CPU.ActiveCfg = Debug|Any CPU
		{46A97E5C-FDE4-4CB1-A435-E6115EE7946A}.Debug|Any CPU.Build.0 = Debug|Any CPU
		{46A97E5C-FDE4-4CB1-A435-E6115EE7946A}.Release|Any CPU.ActiveCfg = Release|Any CPU
		{46A97E5C-FDE4-4CB1-A435-E6115EE7946A}.Release|Any CPU.Build.0 = Release|Any CPU
		{A4E942D2-4087-42A4-AB51-86639F4C962A}.Debug|Any CPU.ActiveCfg = Debug|Any CPU
		{A4E942D2-4087-42A4-AB51-86639F4C962A}.Debug|Any CPU.Build.0 = Debug|Any CPU
		{A4E942D2-4087-42A4-AB51-86639F4C962A}.Release|Any CPU.ActiveCfg = Release|Any CPU
		{A4E942D2-4087-42A4-AB51-86639F4C962A}.Release|Any CPU.Build.0 = Release|Any CPU
		{F276F153-FFF8-486D-BB69-3889B25BF4FC}.Debug|Any CPU.ActiveCfg = Debug|Any CPU
		{F276F153-FFF8-486D-BB69-3889B25BF4FC}.Debug|Any CPU.Build.0 = Debug|Any CPU
		{F276F153-FFF8-486D-BB69-3889B25BF4FC}.Release|Any CPU.ActiveCfg = Release|Any CPU
		{F276F153-FFF8-486D-BB69-3889B25BF4FC}.Release|Any CPU.Build.0 = Release|Any CPU
		{1934BDF5-2717-41EF-8580-818833EA2A87}.Debug|Any CPU.ActiveCfg = Debug|Any CPU
		{1934BDF5-2717-41EF-8580-818833EA2A87}.Debug|Any CPU.Build.0 = Debug|Any CPU
		{1934BDF5-2717-41EF-8580-818833EA2A87}.Release|Any CPU.ActiveCfg = Release|Any CPU
		{1934BDF5-2717-41EF-8580-818833EA2A87}.Release|Any CPU.Build.0 = Release|Any CPU
		{8F881F47-CAF4-456B-BF1A-7C6D9A62CAF4}.Debug|Any CPU.ActiveCfg = Debug|Any CPU
		{8F881F47-CAF4-456B-BF1A-7C6D9A62CAF4}.Debug|Any CPU.Build.0 = Debug|Any CPU
		{8F881F47-CAF4-456B-BF1A-7C6D9A62CAF4}.Release|Any CPU.ActiveCfg = Release|Any CPU
		{8F881F47-CAF4-456B-BF1A-7C6D9A62CAF4}.Release|Any CPU.Build.0 = Release|Any CPU
		{5ACABC54-9572-4F74-A435-BADDF1945612}.Debug|Any CPU.ActiveCfg = Debug|Any CPU
		{5ACABC54-9572-4F74-A435-BADDF1945612}.Debug|Any CPU.Build.0 = Debug|Any CPU
		{5ACABC54-9572-4F74-A435-BADDF1945612}.Release|Any CPU.ActiveCfg = Release|Any CPU
		{5ACABC54-9572-4F74-A435-BADDF1945612}.Release|Any CPU.Build.0 = Release|Any CPU
		{29A3013F-A272-494A-AE4C-A69A25621CE2}.Debug|Any CPU.ActiveCfg = Debug|Any CPU
		{29A3013F-A272-494A-AE4C-A69A25621CE2}.Debug|Any CPU.Build.0 = Debug|Any CPU
		{29A3013F-A272-494A-AE4C-A69A25621CE2}.Release|Any CPU.ActiveCfg = Release|Any CPU
		{29A3013F-A272-494A-AE4C-A69A25621CE2}.Release|Any CPU.Build.0 = Release|Any CPU
		{E4931478-6C15-4F33-8B2C-818DF3118E98}.Debug|Any CPU.ActiveCfg = Debug|Any CPU
		{E4931478-6C15-4F33-8B2C-818DF3118E98}.Debug|Any CPU.Build.0 = Debug|Any CPU
		{E4931478-6C15-4F33-8B2C-818DF3118E98}.Release|Any CPU.ActiveCfg = Release|Any CPU
		{E4931478-6C15-4F33-8B2C-818DF3118E98}.Release|Any CPU.Build.0 = Release|Any CPU
		{E2E9F585-6E90-410A-BB58-442A184F2067}.Debug|Any CPU.ActiveCfg = Debug|Any CPU
		{E2E9F585-6E90-410A-BB58-442A184F2067}.Debug|Any CPU.Build.0 = Debug|Any CPU
		{E2E9F585-6E90-410A-BB58-442A184F2067}.Release|Any CPU.ActiveCfg = Release|Any CPU
		{E2E9F585-6E90-410A-BB58-442A184F2067}.Release|Any CPU.Build.0 = Release|Any CPU
	EndGlobalSection
	GlobalSection(SolutionProperties) = preSolution
		HideSolutionNode = FALSE
	EndGlobalSection
	GlobalSection(NestedProjects) = preSolution
		{A1688F5E-16F5-41CF-B3EC-FA09A68B328E} = {9994E17C-50BA-5231-1B45-E9C5AA489C33}
		{41F75BA3-DB78-490A-9259-C9D9E5D35B76} = {9994E17C-50BA-5231-1B45-E9C5AA489C33}
		{7AE2999D-2C5C-4297-979A-88A8CF43569B} = {9994E17C-50BA-5231-1B45-E9C5AA489C33}
		{6E08D449-1566-4CBD-AE3B-A223AEE658B7} = {9994E17C-50BA-5231-1B45-E9C5AA489C33}
		{666DA44B-C39E-46EA-9EC3-973CEE614856} = {9994E17C-50BA-5231-1B45-E9C5AA489C33}
		{D25532C7-798E-4A1B-88ED-1633273E724A} = {901E034B-A906-57C9-792B-AB7E8EF9E5E4}
		{E0791B82-F7DB-4EC3-AD3E-C7473A6DED01} = {901E034B-A906-57C9-792B-AB7E8EF9E5E4}
		{067D6B89-3CC8-46F6-8585-A1BE1B86B595} = {901E034B-A906-57C9-792B-AB7E8EF9E5E4}
		{0B816F03-6B71-456D-A4D9-F0411BE576BF} = {59DAE3A3-1297-06D0-A323-17BF7A87E7E9}
		{952665A0-917C-4757-9D93-88587D8603D3} = {59DAE3A3-1297-06D0-A323-17BF7A87E7E9}
		{6856233D-042D-493B-ACAB-234ABE5445BB} = {8FFC25C3-E1FF-4D42-00BE-018EC9DDD1F1}
		{793D93FD-A2AA-400B-AB9D-A6F86C64FE7B} = {8FFC25C3-E1FF-4D42-00BE-018EC9DDD1F1}
		{20A96D84-C9A7-4470-9C80-9F32F6325529} = {8FFC25C3-E1FF-4D42-00BE-018EC9DDD1F1}
		{3DCD856C-CE46-4C32-AFB0-1C911354C8AF} = {8FFC25C3-E1FF-4D42-00BE-018EC9DDD1F1}
		{576A65D7-A53B-4156-AFFE-B4E1AE86153C} = {8FFC25C3-E1FF-4D42-00BE-018EC9DDD1F1}
		{2A3F607D-8121-4E1D-84D4-FD0E9EF256BC} = {2DE99E01-FF9D-2B8B-791F-CB8C77CA8830}
		{46A97E5C-FDE4-4CB1-A435-E6115EE7946A} = {2DE99E01-FF9D-2B8B-791F-CB8C77CA8830}
		{A4E942D2-4087-42A4-AB51-86639F4C962A} = {2DE99E01-FF9D-2B8B-791F-CB8C77CA8830}
		{F276F153-FFF8-486D-BB69-3889B25BF4FC} = {2DE99E01-FF9D-2B8B-791F-CB8C77CA8830}
		{1934BDF5-2717-41EF-8580-818833EA2A87} = {BA24C74F-1EC8-168F-89F8-4A4D5A61CEEF}
		{8F881F47-CAF4-456B-BF1A-7C6D9A62CAF4} = {BA24C74F-1EC8-168F-89F8-4A4D5A61CEEF}
		{5ACABC54-9572-4F74-A435-BADDF1945612} = {BA24C74F-1EC8-168F-89F8-4A4D5A61CEEF}
		{29A3013F-A272-494A-AE4C-A69A25621CE2} = {DDB4EF12-CC4E-5E88-E6FC-71A802F4DE97}
		{E4931478-6C15-4F33-8B2C-818DF3118E98} = {DDB4EF12-CC4E-5E88-E6FC-71A802F4DE97}
		{E2E9F585-6E90-410A-BB58-442A184F2067} = {DDB4EF12-CC4E-5E88-E6FC-71A802F4DE97}
	EndGlobalSection
	GlobalSection(ExtensibilityGlobals) = postSolution
		SolutionGuid = {9C4F9D6D-4F58-4D95-91CE-D406B36DE9A5}
	EndGlobalSection
EndGlobal
